
Microsoft Visual Studio Solution File, Format Version 12.00
# Visual Studio Version 17
VisualStudioVersion = 17.0.31903.59
MinimumVisualStudioVersion = 10.0.40219.1
Project("{FAE04EC0-301F-11D3-BF4B-00C04F79EFBC}") = "Vapi.Client", "Vapi.Client\Vapi.Client.csproj", "{5AD546C0-E727-432D-BFE6-A204C1898EC2}"
EndProject
Project("{FAE04EC0-301F-11D3-BF4B-00C04F79EFBC}") = "Vapi.Client.Test", "Vapi.Client.Test\Vapi.Client.Test.csproj", "{4C42FE68-4006-41D2-9174-CEF7AF811947}"
EndProject
Global
	GlobalSection(SolutionConfigurationPlatforms) = preSolution
		Debug|Any CPU = Debug|Any CPU
		Release|Any CPU = Release|Any CPU
	EndGlobalSection
	GlobalSection(SolutionProperties) = preSolution
		HideSolutionNode = FALSE
	EndGlobalSection
	GlobalSection(ProjectConfigurationPlatforms) = postSolution
		{5AD546C0-E727-432D-BFE6-A204C1898EC2}.Debug|Any CPU.ActiveCfg = Debug|Any CPU
		{5AD546C0-E727-432D-BFE6-A204C1898EC2}.Debug|Any CPU.Build.0 = Debug|Any CPU
		{5AD546C0-E727-432D-BFE6-A204C1898EC2}.Release|Any CPU.ActiveCfg = Release|Any CPU
		{5AD546C0-E727-432D-BFE6-A204C1898EC2}.Release|Any CPU.Build.0 = Release|Any CPU
		{4C42FE68-4006-41D2-9174-CEF7AF811947}.Debug|Any CPU.ActiveCfg = Debug|Any CPU
		{4C42FE68-4006-41D2-9174-CEF7AF811947}.Debug|Any CPU.Build.0 = Debug|Any CPU
		{4C42FE68-4006-41D2-9174-CEF7AF811947}.Release|Any CPU.ActiveCfg = Release|Any CPU
		{4C42FE68-4006-41D2-9174-CEF7AF811947}.Release|Any CPU.Build.0 = Release|Any CPU
	EndGlobalSection
EndGlobal
